appId: com.langdk.ultimatestats.dev
name: Scrimmage Correction Locks Action Players
tags:
  - scrimmage
---
- runFlow:
    file: ../flows/setup-scrimmage-clean.yaml
    env:
      TRACKER_STATE: focusPossession
- runFlow:
    file: ../flows/open-light-line-correction.yaml

# Joe recorded the seeded pickup and cannot be removed from the starting line.
- assertVisible:
    id: 'player-chip-lock-Joe'
- tapOn:
    id: 'player-chip-Joe'
    selected: true

- assertVisible:
    text: 'Player locked'
- assertVisible:
    text: 'Joe has recorded an action this point. Undo or edit that action before removing them from the lineup.'
- assertVisible:
    text: 'OK'
- tapOn:
    text: 'OK'
- assertVisible:
    text: 'Edit Light Line'

- takeScreenshot:
    path: .maestro/screenshots/advanced-tracker-scrimmage-correction-lock
